
Microsoft Visual Studio Solution File, Format Version 12.00
# Visual Studio 2013
VisualStudioVersion = 12.0.30723.0
MinimumVisualStudioVersion = 10.0.40219.1
Project("{2150E333-8FDC-42A3-9474-1A3956D46DE8}") = "King.Mobile.Controls", "King.Mobile.Controls", "{A22643DD-DBEF-4AD9-8555-AA995FB46E04}"
EndProject
Project("{2150E333-8FDC-42A3-9474-1A3956D46DE8}") = "Shims", "Shims", "{4DCFBDA3-BBA8-4EA2-A3D9-49A24401EB75}"
EndProject
Project("{2150E333-8FDC-42A3-9474-1A3956D46DE8}") = "Renderers", "Renderers", "{164A00DC-E5CC-4784-9AFF-6653A512012C}"
EndProject
Project("{FAE04EC0-301F-11D3-BF4B-00C04F79EFBC}") = "Android", "King.Mobile.Controls\Android\Android.csproj", "{5D5DA973-FD56-48CE-9561-2D578F90CE72}"
EndProject
Project("{FAE04EC0-301F-11D3-BF4B-00C04F79EFBC}") = "IOS", "King.Mobile.Controls\IOS\IOS.csproj", "{0EE1744F-2502-4F87-A8F5-E20D6592428A}"
EndProject
Project("{FAE04EC0-301F-11D3-BF4B-00C04F79EFBC}") = "WinPhone", "King.Mobile.Controls\WinPhone\WinPhone.csproj", "{B2E3A91E-EE44-4DB0-8E98-44A8E5588C53}"
EndProject
Project("{FAE04EC0-301F-11D3-BF4B-00C04F79EFBC}") = "King.Mobile.Controls", "King.Mobile.Controls\Portable\King.Mobile.Controls.csproj", "{95EB3F68-CEBB-439A-AB0C-24D5B25B4CD7}"
EndProject
Project("{FAE04EC0-301F-11D3-BF4B-00C04F79EFBC}") = "Application.Android", "Application\Android\Application.Android.csproj", "{B525688C-A28A-4C84-BE19-9FF8DBB36C10}"
EndProject
Project("{FAE04EC0-301F-11D3-BF4B-00C04F79EFBC}") = "Application.iOS", "Application\iOS\Application.iOS.csproj", "{755BD499-6265-41ED-9368-ABAB2A96F884}"
EndProject
Project("{FAE04EC0-301F-11D3-BF4B-00C04F79EFBC}") = "Application.WinPhone", "Application\WinPhone\Application.WinPhone.csproj", "{AAAA7418-6184-4656-B548-2A1A2966915A}"
EndProject
Project("{FAE04EC0-301F-11D3-BF4B-00C04F79EFBC}") = "Application", "Application\Portable\Application.csproj", "{6F799B3E-F6CC-4B8A-BB51-937451D8E850}"
EndProject
Project("{2150E333-8FDC-42A3-9474-1A3956D46DE8}") = "Tests", "Tests", "{477C1A8D-E605-4408-B48B-F91B15CC6ADA}"
EndProject
Project("{FAE04EC0-301F-11D3-BF4B-00C04F79EFBC}") = "CustomBuildStep", "CustomBuildStep\CustomBuildStep.csproj", "{AA114A74-2419-46AF-BF01-D002AFCBEFF2}"
EndProject
Global
	GlobalSection(SolutionConfigurationPlatforms) = preSolution
		Ad-Hoc|Any CPU = Ad-Hoc|Any CPU
		Ad-Hoc|ARM = Ad-Hoc|ARM
		Ad-Hoc|iPhone = Ad-Hoc|iPhone
		Ad-Hoc|iPhoneSimulator = Ad-Hoc|iPhoneSimulator
		Ad-Hoc|Mixed Platforms = Ad-Hoc|Mixed Platforms
		Ad-Hoc|x86 = Ad-Hoc|x86
		AppStore|Any CPU = AppStore|Any CPU
		AppStore|ARM = AppStore|ARM
		AppStore|iPhone = AppStore|iPhone
		AppStore|iPhoneSimulator = AppStore|iPhoneSimulator
		AppStore|Mixed Platforms = AppStore|Mixed Platforms
		AppStore|x86 = AppStore|x86
		Debug|Any CPU = Debug|Any CPU
		Debug|ARM = Debug|ARM
		Debug|iPhone = Debug|iPhone
		Debug|iPhoneSimulator = Debug|iPhoneSimulator
		Debug|Mixed Platforms = Debug|Mixed Platforms
		Debug|x86 = Debug|x86
		Release|Any CPU = Release|Any CPU
		Release|ARM = Release|ARM
		Release|iPhone = Release|iPhone
		Release|iPhoneSimulator = Release|iPhoneSimulator
		Release|Mixed Platforms = Release|Mixed Platforms
		Release|x86 = Release|x86
	EndGlobalSection
	GlobalSection(ProjectConfigurationPlatforms) = postSolution
		{5D5DA973-FD56-48CE-9561-2D578F90CE72}.Ad-Hoc|Any CPU.ActiveCfg = Release|Any CPU
		{5D5DA973-FD56-48CE-9561-2D578F90CE72}.Ad-Hoc|Any CPU.Build.0 = Release|Any CPU
		{5D5DA973-FD56-48CE-9561-2D578F90CE72}.Ad-Hoc|ARM.ActiveCfg = Release|Any CPU
		{5D5DA973-FD56-48CE-9561-2D578F90CE72}.Ad-Hoc|iPhone.ActiveCfg = Release|Any CPU
		{5D5DA973-FD56-48CE-9561-2D578F90CE72}.Ad-Hoc|iPhoneSimulator.ActiveCfg = Release|Any CPU
		{5D5DA973-FD56-48CE-9561-2D578F90CE72}.Ad-Hoc|Mixed Platforms.ActiveCfg = Release|Any CPU
		{5D5DA973-FD56-48CE-9561-2D578F90CE72}.Ad-Hoc|Mixed Platforms.Build.0 = Release|Any CPU
		{5D5DA973-FD56-48CE-9561-2D578F90CE72}.Ad-Hoc|x86.ActiveCfg = Release|Any CPU
		{5D5DA973-FD56-48CE-9561-2D578F90CE72}.AppStore|Any CPU.ActiveCfg = Release|Any CPU
		{5D5DA973-FD56-48CE-9561-2D578F90CE72}.AppStore|Any CPU.Build.0 = Release|Any CPU
		{5D5DA973-FD56-48CE-9561-2D578F90CE72}.AppStore|ARM.ActiveCfg = Release|Any CPU
		{5D5DA973-FD56-48CE-9561-2D578F90CE72}.AppStore|iPhone.ActiveCfg = Release|Any CPU
		{5D5DA973-FD56-48CE-9561-2D578F90CE72}.AppStore|iPhoneSimulator.ActiveCfg = Release|Any CPU
		{5D5DA973-FD56-48CE-9561-2D578F90CE72}.AppStore|Mixed Platforms.ActiveCfg = Release|Any CPU
		{5D5DA973-FD56-48CE-9561-2D578F90CE72}.AppStore|Mixed Platforms.Build.0 = Release|Any CPU
		{5D5DA973-FD56-48CE-9561-2D578F90CE72}.AppStore|x86.ActiveCfg = Release|Any CPU
		{5D5DA973-FD56-48CE-9561-2D578F90CE72}.Debug|Any CPU.ActiveCfg = Debug|Any CPU
		{5D5DA973-FD56-48CE-9561-2D578F90CE72}.Debug|Any CPU.Build.0 = Debug|Any CPU
		{5D5DA973-FD56-48CE-9561-2D578F90CE72}.Debug|ARM.ActiveCfg = Debug|Any CPU
		{5D5DA973-FD56-48CE-9561-2D578F90CE72}.Debug|iPhone.ActiveCfg = Debug|Any CPU
		{5D5DA973-FD56-48CE-9561-2D578F90CE72}.Debug|iPhoneSimulator.ActiveCfg = Debug|Any CPU
		{5D5DA973-FD56-48CE-9561-2D578F90CE72}.Debug|Mixed Platforms.ActiveCfg = Debug|Any CPU
		{5D5DA973-FD56-48CE-9561-2D578F90CE72}.Debug|Mixed Platforms.Build.0 = Debug|Any CPU
		{5D5DA973-FD56-48CE-9561-2D578F90CE72}.Debug|x86.ActiveCfg = Debug|Any CPU
		{5D5DA973-FD56-48CE-9561-2D578F90CE72}.Release|Any CPU.ActiveCfg = Release|Any CPU
		{5D5DA973-FD56-48CE-9561-2D578F90CE72}.Release|Any CPU.Build.0 = Release|Any CPU
		{5D5DA973-FD56-48CE-9561-2D578F90CE72}.Release|ARM.ActiveCfg = Release|Any CPU
		{5D5DA973-FD56-48CE-9561-2D578F90CE72}.Release|iPhone.ActiveCfg = Release|Any CPU
		{5D5DA973-FD56-48CE-9561-2D578F90CE72}.Release|iPhoneSimulator.ActiveCfg = Release|Any CPU
		{5D5DA973-FD56-48CE-9561-2D578F90CE72}.Release|Mixed Platforms.ActiveCfg = Release|Any CPU
		{5D5DA973-FD56-48CE-9561-2D578F90CE72}.Release|Mixed Platforms.Build.0 = Release|Any CPU
		{5D5DA973-FD56-48CE-9561-2D578F90CE72}.Release|x86.ActiveCfg = Release|Any CPU
		{0EE1744F-2502-4F87-A8F5-E20D6592428A}.Ad-Hoc|Any CPU.ActiveCfg = Release|Any CPU
		{0EE1744F-2502-4F87-A8F5-E20D6592428A}.Ad-Hoc|Any CPU.Build.0 = Release|Any CPU
		{0EE1744F-2502-4F87-A8F5-E20D6592428A}.Ad-Hoc|ARM.ActiveCfg = Release|Any CPU
		{0EE1744F-2502-4F87-A8F5-E20D6592428A}.Ad-Hoc|iPhone.ActiveCfg = Release|Any CPU
		{0EE1744F-2502-4F87-A8F5-E20D6592428A}.Ad-Hoc|iPhoneSimulator.ActiveCfg = Release|Any CPU
		{0EE1744F-2502-4F87-A8F5-E20D6592428A}.Ad-Hoc|Mixed Platforms.ActiveCfg = Release|Any CPU
		{0EE1744F-2502-4F87-A8F5-E20D6592428A}.Ad-Hoc|Mixed Platforms.Build.0 = Release|Any CPU
		{0EE1744F-2502-4F87-A8F5-E20D6592428A}.Ad-Hoc|x86.ActiveCfg = Release|Any CPU
		{0EE1744F-2502-4F87-A8F5-E20D6592428A}.AppStore|Any CPU.ActiveCfg = Release|Any CPU
		{0EE1744F-2502-4F87-A8F5-E20D6592428A}.AppStore|Any CPU.Build.0 = Release|Any CPU
		{0EE1744F-2502-4F87-A8F5-E20D6592428A}.AppStore|ARM.ActiveCfg = Release|Any CPU
		{0EE1744F-2502-4F87-A8F5-E20D6592428A}.AppStore|iPhone.ActiveCfg = Release|Any CPU
		{0EE1744F-2502-4F87-A8F5-E20D6592428A}.AppStore|iPhoneSimulator.ActiveCfg = Release|Any CPU
		{0EE1744F-2502-4F87-A8F5-E20D6592428A}.AppStore|Mixed Platforms.ActiveCfg = Release|Any CPU
		{0EE1744F-2502-4F87-A8F5-E20D6592428A}.AppStore|Mixed Platforms.Build.0 = Release|Any CPU
		{0EE1744F-2502-4F87-A8F5-E20D6592428A}.AppStore|x86.ActiveCfg = Release|Any CPU
		{0EE1744F-2502-4F87-A8F5-E20D6592428A}.Debug|Any CPU.ActiveCfg = Debug|Any CPU
		{0EE1744F-2502-4F87-A8F5-E20D6592428A}.Debug|Any CPU.Build.0 = Debug|Any CPU
		{0EE1744F-2502-4F87-A8F5-E20D6592428A}.Debug|ARM.ActiveCfg = Debug|Any CPU
		{0EE1744F-2502-4F87-A8F5-E20D6592428A}.Debug|iPhone.ActiveCfg = Debug|Any CPU
		{0EE1744F-2502-4F87-A8F5-E20D6592428A}.Debug|iPhoneSimulator.ActiveCfg = Debug|Any CPU
		{0EE1744F-2502-4F87-A8F5-E20D6592428A}.Debug|Mixed Platforms.ActiveCfg = Debug|Any CPU
		{0EE1744F-2502-4F87-A8F5-E20D6592428A}.Debug|Mixed Platforms.Build.0 = Debug|Any CPU
		{0EE1744F-2502-4F87-A8F5-E20D6592428A}.Debug|x86.ActiveCfg = Debug|Any CPU
		{0EE1744F-2502-4F87-A8F5-E20D6592428A}.Release|Any CPU.ActiveCfg = Release|Any CPU
		{0EE1744F-2502-4F87-A8F5-E20D6592428A}.Release|Any CPU.Build.0 = Release|Any CPU
		{0EE1744F-2502-4F87-A8F5-E20D6592428A}.Release|ARM.ActiveCfg = Release|Any CPU
		{0EE1744F-2502-4F87-A8F5-E20D6592428A}.Release|iPhone.ActiveCfg = Release|Any CPU
		{0EE1744F-2502-4F87-A8F5-E20D6592428A}.Release|iPhoneSimulator.ActiveCfg = Release|Any CPU
		{0EE1744F-2502-4F87-A8F5-E20D6592428A}.Release|Mixed Platforms.ActiveCfg = Release|Any CPU
		{0EE1744F-2502-4F87-A8F5-E20D6592428A}.Release|Mixed Platforms.Build.0 = Release|Any CPU
		{0EE1744F-2502-4F87-A8F5-E20D6592428A}.Release|x86.ActiveCfg = Release|Any CPU
		{B2E3A91E-EE44-4DB0-8E98-44A8E5588C53}.Ad-Hoc|Any CPU.ActiveCfg = Release|Any CPU
		{B2E3A91E-EE44-4DB0-8E98-44A8E5588C53}.Ad-Hoc|Any CPU.Build.0 = Release|Any CPU
		{B2E3A91E-EE44-4DB0-8E98-44A8E5588C53}.Ad-Hoc|ARM.ActiveCfg = Release|ARM
		{B2E3A91E-EE44-4DB0-8E98-44A8E5588C53}.Ad-Hoc|ARM.Build.0 = Release|ARM
		{B2E3A91E-EE44-4DB0-8E98-44A8E5588C53}.Ad-Hoc|iPhone.ActiveCfg = Release|Any CPU
		{B2E3A91E-EE44-4DB0-8E98-44A8E5588C53}.Ad-Hoc|iPhoneSimulator.ActiveCfg = Release|Any CPU
		{B2E3A91E-EE44-4DB0-8E98-44A8E5588C53}.Ad-Hoc|Mixed Platforms.ActiveCfg = Release|x86
		{B2E3A91E-EE44-4DB0-8E98-44A8E5588C53}.Ad-Hoc|Mixed Platforms.Build.0 = Release|x86
		{B2E3A91E-EE44-4DB0-8E98-44A8E5588C53}.Ad-Hoc|x86.ActiveCfg = Release|x86
		{B2E3A91E-EE44-4DB0-8E98-44A8E5588C53}.Ad-Hoc|x86.Build.0 = Release|x86
		{B2E3A91E-EE44-4DB0-8E98-44A8E5588C53}.AppStore|Any CPU.ActiveCfg = Release|Any CPU
		{B2E3A91E-EE44-4DB0-8E98-44A8E5588C53}.AppStore|Any CPU.Build.0 = Release|Any CPU
		{B2E3A91E-EE44-4DB0-8E98-44A8E5588C53}.AppStore|ARM.ActiveCfg = Release|ARM
		{B2E3A91E-EE44-4DB0-8E98-44A8E5588C53}.AppStore|ARM.Build.0 = Release|ARM
		{B2E3A91E-EE44-4DB0-8E98-44A8E5588C53}.AppStore|iPhone.ActiveCfg = Release|Any CPU
		{B2E3A91E-EE44-4DB0-8E98-44A8E5588C53}.AppStore|iPhoneSimulator.ActiveCfg = Release|Any CPU
		{B2E3A91E-EE44-4DB0-8E98-44A8E5588C53}.AppStore|Mixed Platforms.ActiveCfg = Release|x86
		{B2E3A91E-EE44-4DB0-8E98-44A8E5588C53}.AppStore|Mixed Platforms.Build.0 = Release|x86
		{B2E3A91E-EE44-4DB0-8E98-44A8E5588C53}.AppStore|x86.ActiveCfg = Release|x86
		{B2E3A91E-EE44-4DB0-8E98-44A8E5588C53}.AppStore|x86.Build.0 = Release|x86
		{B2E3A91E-EE44-4DB0-8E98-44A8E5588C53}.Debug|Any CPU.ActiveCfg = Debug|Any CPU
		{B2E3A91E-EE44-4DB0-8E98-44A8E5588C53}.Debug|Any CPU.Build.0 = Debug|Any CPU
		{B2E3A91E-EE44-4DB0-8E98-44A8E5588C53}.Debug|ARM.ActiveCfg = Debug|ARM
		{B2E3A91E-EE44-4DB0-8E98-44A8E5588C53}.Debug|ARM.Build.0 = Debug|ARM
		{B2E3A91E-EE44-4DB0-8E98-44A8E5588C53}.Debug|iPhone.ActiveCfg = Debug|Any CPU
		{B2E3A91E-EE44-4DB0-8E98-44A8E5588C53}.Debug|iPhoneSimulator.ActiveCfg = Debug|Any CPU
		{B2E3A91E-EE44-4DB0-8E98-44A8E5588C53}.Debug|Mixed Platforms.ActiveCfg = Debug|x86
		{B2E3A91E-EE44-4DB0-8E98-44A8E5588C53}.Debug|Mixed Platforms.Build.0 = Debug|x86
		{B2E3A91E-EE44-4DB0-8E98-44A8E5588C53}.Debug|x86.ActiveCfg = Debug|x86
		{B2E3A91E-EE44-4DB0-8E98-44A8E5588C53}.Debug|x86.Build.0 = Debug|x86
		{B2E3A91E-EE44-4DB0-8E98-44A8E5588C53}.Release|Any CPU.ActiveCfg = Release|Any CPU
		{B2E3A91E-EE44-4DB0-8E98-44A8E5588C53}.Release|Any CPU.Build.0 = Release|Any CPU
		{B2E3A91E-EE44-4DB0-8E98-44A8E5588C53}.Release|ARM.ActiveCfg = Release|ARM
		{B2E3A91E-EE44-4DB0-8E98-44A8E5588C53}.Release|ARM.Build.0 = Release|ARM
		{B2E3A91E-EE44-4DB0-8E98-44A8E5588C53}.Release|iPhone.ActiveCfg = Release|Any CPU
		{B2E3A91E-EE44-4DB0-8E98-44A8E5588C53}.Release|iPhoneSimulator.ActiveCfg = Release|Any CPU
		{B2E3A91E-EE44-4DB0-8E98-44A8E5588C53}.Release|Mixed Platforms.ActiveCfg = Release|x86
		{B2E3A91E-EE44-4DB0-8E98-44A8E5588C53}.Release|Mixed Platforms.Build.0 = Release|x86
		{B2E3A91E-EE44-4DB0-8E98-44A8E5588C53}.Release|x86.ActiveCfg = Release|x86
		{B2E3A91E-EE44-4DB0-8E98-44A8E5588C53}.Release|x86.Build.0 = Release|x86
		{95EB3F68-CEBB-439A-AB0C-24D5B25B4CD7}.Ad-Hoc|Any CPU.ActiveCfg = Release|Any CPU
		{95EB3F68-CEBB-439A-AB0C-24D5B25B4CD7}.Ad-Hoc|Any CPU.Build.0 = Release|Any CPU
		{95EB3F68-CEBB-439A-AB0C-24D5B25B4CD7}.Ad-Hoc|ARM.ActiveCfg = Release|Any CPU
		{95EB3F68-CEBB-439A-AB0C-24D5B25B4CD7}.Ad-Hoc|iPhone.ActiveCfg = Release|Any CPU
		{95EB3F68-CEBB-439A-AB0C-24D5B25B4CD7}.Ad-Hoc|iPhoneSimulator.ActiveCfg = Release|Any CPU
		{95EB3F68-CEBB-439A-AB0C-24D5B25B4CD7}.Ad-Hoc|Mixed Platforms.ActiveCfg = Release|Any CPU
		{95EB3F68-CEBB-439A-AB0C-24D5B25B4CD7}.Ad-Hoc|Mixed Platforms.Build.0 = Release|Any CPU
		{95EB3F68-CEBB-439A-AB0C-24D5B25B4CD7}.Ad-Hoc|x86.ActiveCfg = Release|Any CPU
		{95EB3F68-CEBB-439A-AB0C-24D5B25B4CD7}.AppStore|Any CPU.ActiveCfg = Release|Any CPU
		{95EB3F68-CEBB-439A-AB0C-24D5B25B4CD7}.AppStore|Any CPU.Build.0 = Release|Any CPU
		{95EB3F68-CEBB-439A-AB0C-24D5B25B4CD7}.AppStore|ARM.ActiveCfg = Release|Any CPU
		{95EB3F68-CEBB-439A-AB0C-24D5B25B4CD7}.AppStore|iPhone.ActiveCfg = Release|Any CPU
		{95EB3F68-CEBB-439A-AB0C-24D5B25B4CD7}.AppStore|iPhoneSimulator.ActiveCfg = Release|Any CPU
		{95EB3F68-CEBB-439A-AB0C-24D5B25B4CD7}.AppStore|Mixed Platforms.ActiveCfg = Release|Any CPU
		{95EB3F68-CEBB-439A-AB0C-24D5B25B4CD7}.AppStore|Mixed Platforms.Build.0 = Release|Any CPU
		{95EB3F68-CEBB-439A-AB0C-24D5B25B4CD7}.AppStore|x86.ActiveCfg = Release|Any CPU
		{95EB3F68-CEBB-439A-AB0C-24D5B25B4CD7}.Debug|Any CPU.ActiveCfg = Debug|Any CPU
		{95EB3F68-CEBB-439A-AB0C-24D5B25B4CD7}.Debug|Any CPU.Build.0 = Debug|Any CPU
		{95EB3F68-CEBB-439A-AB0C-24D5B25B4CD7}.Debug|ARM.ActiveCfg = Debug|Any CPU
		{95EB3F68-CEBB-439A-AB0C-24D5B25B4CD7}.Debug|iPhone.ActiveCfg = Debug|Any CPU
		{95EB3F68-CEBB-439A-AB0C-24D5B25B4CD7}.Debug|iPhoneSimulator.ActiveCfg = Debug|Any CPU
		{95EB3F68-CEBB-439A-AB0C-24D5B25B4CD7}.Debug|Mixed Platforms.ActiveCfg = Debug|Any CPU
		{95EB3F68-CEBB-439A-AB0C-24D5B25B4CD7}.Debug|Mixed Platforms.Build.0 = Debug|Any CPU
		{95EB3F68-CEBB-439A-AB0C-24D5B25B4CD7}.Debug|x86.ActiveCfg = Debug|Any CPU
		{95EB3F68-CEBB-439A-AB0C-24D5B25B4CD7}.Release|Any CPU.ActiveCfg = Release|Any CPU
		{95EB3F68-CEBB-439A-AB0C-24D5B25B4CD7}.Release|Any CPU.Build.0 = Release|Any CPU
		{95EB3F68-CEBB-439A-AB0C-24D5B25B4CD7}.Release|ARM.ActiveCfg = Release|Any CPU
		{95EB3F68-CEBB-439A-AB0C-24D5B25B4CD7}.Release|iPhone.ActiveCfg = Release|Any CPU
		{95EB3F68-CEBB-439A-AB0C-24D5B25B4CD7}.Release|iPhoneSimulator.ActiveCfg = Release|Any CPU
		{95EB3F68-CEBB-439A-AB0C-24D5B25B4CD7}.Release|Mixed Platforms.ActiveCfg = Release|Any CPU
		{95EB3F68-CEBB-439A-AB0C-24D5B25B4CD7}.Release|Mixed Platforms.Build.0 = Release|Any CPU
		{95EB3F68-CEBB-439A-AB0C-24D5B25B4CD7}.Release|x86.ActiveCfg = Release|Any CPU
		{B525688C-A28A-4C84-BE19-9FF8DBB36C10}.Ad-Hoc|Any CPU.ActiveCfg = Release|Any CPU
		{B525688C-A28A-4C84-BE19-9FF8DBB36C10}.Ad-Hoc|Any CPU.Build.0 = Release|Any CPU
		{B525688C-A28A-4C84-BE19-9FF8DBB36C10}.Ad-Hoc|Any CPU.Deploy.0 = Release|Any CPU
		{B525688C-A28A-4C84-BE19-9FF8DBB36C10}.Ad-Hoc|ARM.ActiveCfg = Release|Any CPU
		{B525688C-A28A-4C84-BE19-9FF8DBB36C10}.Ad-Hoc|iPhone.ActiveCfg = Release|Any CPU
		{B525688C-A28A-4C84-BE19-9FF8DBB36C10}.Ad-Hoc|iPhoneSimulator.ActiveCfg = Release|Any CPU
		{B525688C-A28A-4C84-BE19-9FF8DBB36C10}.Ad-Hoc|Mixed Platforms.ActiveCfg = Release|Any CPU
		{B525688C-A28A-4C84-BE19-9FF8DBB36C10}.Ad-Hoc|Mixed Platforms.Build.0 = Release|Any CPU
		{B525688C-A28A-4C84-BE19-9FF8DBB36C10}.Ad-Hoc|Mixed Platforms.Deploy.0 = Release|Any CPU
		{B525688C-A28A-4C84-BE19-9FF8DBB36C10}.Ad-Hoc|x86.ActiveCfg = Release|Any CPU
		{B525688C-A28A-4C84-BE19-9FF8DBB36C10}.AppStore|Any CPU.ActiveCfg = Release|Any CPU
		{B525688C-A28A-4C84-BE19-9FF8DBB36C10}.AppStore|Any CPU.Build.0 = Release|Any CPU
		{B525688C-A28A-4C84-BE19-9FF8DBB36C10}.AppStore|Any CPU.Deploy.0 = Release|Any CPU
		{B525688C-A28A-4C84-BE19-9FF8DBB36C10}.AppStore|ARM.ActiveCfg = Release|Any CPU
		{B525688C-A28A-4C84-BE19-9FF8DBB36C10}.AppStore|iPhone.ActiveCfg = Release|Any CPU
		{B525688C-A28A-4C84-BE19-9FF8DBB36C10}.AppStore|iPhoneSimulator.ActiveCfg = Release|Any CPU
		{B525688C-A28A-4C84-BE19-9FF8DBB36C10}.AppStore|Mixed Platforms.ActiveCfg = Release|Any CPU
		{B525688C-A28A-4C84-BE19-9FF8DBB36C10}.AppStore|Mixed Platforms.Build.0 = Release|Any CPU
		{B525688C-A28A-4C84-BE19-9FF8DBB36C10}.AppStore|Mixed Platforms.Deploy.0 = Release|Any CPU
		{B525688C-A28A-4C84-BE19-9FF8DBB36C10}.AppStore|x86.ActiveCfg = Release|Any CPU
		{B525688C-A28A-4C84-BE19-9FF8DBB36C10}.Debug|Any CPU.ActiveCfg = Debug|Any CPU
		{B525688C-A28A-4C84-BE19-9FF8DBB36C10}.Debug|Any CPU.Build.0 = Debug|Any CPU
		{B525688C-A28A-4C84-BE19-9FF8DBB36C10}.Debug|Any CPU.Deploy.0 = Debug|Any CPU
		{B525688C-A28A-4C84-BE19-9FF8DBB36C10}.Debug|ARM.ActiveCfg = Debug|Any CPU
		{B525688C-A28A-4C84-BE19-9FF8DBB36C10}.Debug|iPhone.ActiveCfg = Debug|Any CPU
		{B525688C-A28A-4C84-BE19-9FF8DBB36C10}.Debug|iPhoneSimulator.ActiveCfg = Debug|Any CPU
		{B525688C-A28A-4C84-BE19-9FF8DBB36C10}.Debug|Mixed Platforms.ActiveCfg = Debug|Any CPU
		{B525688C-A28A-4C84-BE19-9FF8DBB36C10}.Debug|Mixed Platforms.Build.0 = Debug|Any CPU
		{B525688C-A28A-4C84-BE19-9FF8DBB36C10}.Debug|Mixed Platforms.Deploy.0 = Debug|Any CPU
		{B525688C-A28A-4C84-BE19-9FF8DBB36C10}.Debug|x86.ActiveCfg = Debug|Any CPU
		{B525688C-A28A-4C84-BE19-9FF8DBB36C10}.Release|Any CPU.ActiveCfg = Release|Any CPU
		{B525688C-A28A-4C84-BE19-9FF8DBB36C10}.Release|Any CPU.Build.0 = Release|Any CPU
		{B525688C-A28A-4C84-BE19-9FF8DBB36C10}.Release|Any CPU.Deploy.0 = Release|Any CPU
		{B525688C-A28A-4C84-BE19-9FF8DBB36C10}.Release|ARM.ActiveCfg = Release|Any CPU
		{B525688C-A28A-4C84-BE19-9FF8DBB36C10}.Release|iPhone.ActiveCfg = Release|Any CPU
		{B525688C-A28A-4C84-BE19-9FF8DBB36C10}.Release|iPhoneSimulator.ActiveCfg = Release|Any CPU
		{B525688C-A28A-4C84-BE19-9FF8DBB36C10}.Release|Mixed Platforms.ActiveCfg = Release|Any CPU
		{B525688C-A28A-4C84-BE19-9FF8DBB36C10}.Release|Mixed Platforms.Build.0 = Release|Any CPU
		{B525688C-A28A-4C84-BE19-9FF8DBB36C10}.Release|Mixed Platforms.Deploy.0 = Release|Any CPU
		{B525688C-A28A-4C84-BE19-9FF8DBB36C10}.Release|x86.ActiveCfg = Release|Any CPU
		{755BD499-6265-41ED-9368-ABAB2A96F884}.Ad-Hoc|Any CPU.ActiveCfg = Ad-Hoc|iPhone
		{755BD499-6265-41ED-9368-ABAB2A96F884}.Ad-Hoc|ARM.ActiveCfg = Ad-Hoc|iPhone
		{755BD499-6265-41ED-9368-ABAB2A96F884}.Ad-Hoc|iPhone.ActiveCfg = Ad-Hoc|iPhone
		{755BD499-6265-41ED-9368-ABAB2A96F884}.Ad-Hoc|iPhone.Build.0 = Ad-Hoc|iPhone
		{755BD499-6265-41ED-9368-ABAB2A96F884}.Ad-Hoc|iPhoneSimulator.ActiveCfg = Ad-Hoc|iPhoneSimulator
		{755BD499-6265-41ED-9368-ABAB2A96F884}.Ad-Hoc|iPhoneSimulator.Build.0 = Ad-Hoc|iPhoneSimulator
		{755BD499-6265-41ED-9368-ABAB2A96F884}.Ad-Hoc|Mixed Platforms.ActiveCfg = Ad-Hoc|iPhone
		{755BD499-6265-41ED-9368-ABAB2A96F884}.Ad-Hoc|Mixed Platforms.Build.0 = Ad-Hoc|iPhone
		{755BD499-6265-41ED-9368-ABAB2A96F884}.Ad-Hoc|x86.ActiveCfg = Ad-Hoc|iPhone
		{755BD499-6265-41ED-9368-ABAB2A96F884}.AppStore|Any CPU.ActiveCfg = AppStore|iPhone
		{755BD499-6265-41ED-9368-ABAB2A96F884}.AppStore|ARM.ActiveCfg = AppStore|iPhone
		{755BD499-6265-41ED-9368-ABAB2A96F884}.AppStore|iPhone.ActiveCfg = AppStore|iPhone
		{755BD499-6265-41ED-9368-ABAB2A96F884}.AppStore|iPhone.Build.0 = AppStore|iPhone
		{755BD499-6265-41ED-9368-ABAB2A96F884}.AppStore|iPhoneSimulator.ActiveCfg = AppStore|iPhoneSimulator
		{755BD499-6265-41ED-9368-ABAB2A96F884}.AppStore|iPhoneSimulator.Build.0 = AppStore|iPhoneSimulator
		{755BD499-6265-41ED-9368-ABAB2A96F884}.AppStore|Mixed Platforms.ActiveCfg = AppStore|iPhone
		{755BD499-6265-41ED-9368-ABAB2A96F884}.AppStore|Mixed Platforms.Build.0 = AppStore|iPhone
		{755BD499-6265-41ED-9368-ABAB2A96F884}.AppStore|x86.ActiveCfg = AppStore|iPhone
		{755BD499-6265-41ED-9368-ABAB2A96F884}.Debug|Any CPU.ActiveCfg = Debug|iPhone
		{755BD499-6265-41ED-9368-ABAB2A96F884}.Debug|Any CPU.Build.0 = Debug|iPhone
		{755BD499-6265-41ED-9368-ABAB2A96F884}.Debug|ARM.ActiveCfg = Debug|iPhone
		{755BD499-6265-41ED-9368-ABAB2A96F884}.Debug|iPhone.ActiveCfg = Debug|iPhone
		{755BD499-6265-41ED-9368-ABAB2A96F884}.Debug|iPhone.Build.0 = Debug|iPhone
		{755BD499-6265-41ED-9368-ABAB2A96F884}.Debug|iPhoneSimulator.ActiveCfg = Debug|iPhoneSimulator
		{755BD499-6265-41ED-9368-ABAB2A96F884}.Debug|iPhoneSimulator.Build.0 = Debug|iPhoneSimulator
		{755BD499-6265-41ED-9368-ABAB2A96F884}.Debug|Mixed Platforms.ActiveCfg = Debug|iPhone
		{755BD499-6265-41ED-9368-ABAB2A96F884}.Debug|Mixed Platforms.Build.0 = Debug|iPhone
		{755BD499-6265-41ED-9368-ABAB2A96F884}.Debug|x86.ActiveCfg = Debug|iPhone
		{755BD499-6265-41ED-9368-ABAB2A96F884}.Release|Any CPU.ActiveCfg = Release|iPhone
		{755BD499-6265-41ED-9368-ABAB2A96F884}.Release|ARM.ActiveCfg = Release|iPhone
		{755BD499-6265-41ED-9368-ABAB2A96F884}.Release|iPhone.ActiveCfg = Release|iPhone
		{755BD499-6265-41ED-9368-ABAB2A96F884}.Release|iPhone.Build.0 = Release|iPhone
		{755BD499-6265-41ED-9368-ABAB2A96F884}.Release|iPhoneSimulator.ActiveCfg = Release|iPhoneSimulator
		{755BD499-6265-41ED-9368-ABAB2A96F884}.Release|iPhoneSimulator.Build.0 = Release|iPhoneSimulator
		{755BD499-6265-41ED-9368-ABAB2A96F884}.Release|Mixed Platforms.ActiveCfg = Release|iPhone
		{755BD499-6265-41ED-9368-ABAB2A96F884}.Release|Mixed Platforms.Build.0 = Release|iPhone
		{755BD499-6265-41ED-9368-ABAB2A96F884}.Release|x86.ActiveCfg = Release|iPhone
		{AAAA7418-6184-4656-B548-2A1A2966915A}.Ad-Hoc|Any CPU.ActiveCfg = Release|Any CPU
		{AAAA7418-6184-4656-B548-2A1A2966915A}.Ad-Hoc|Any CPU.Build.0 = Release|Any CPU
		{AAAA7418-6184-4656-B548-2A1A2966915A}.Ad-Hoc|Any CPU.Deploy.0 = Release|Any CPU
		{AAAA7418-6184-4656-B548-2A1A2966915A}.Ad-Hoc|ARM.ActiveCfg = Release|ARM
		{AAAA7418-6184-4656-B548-2A1A2966915A}.Ad-Hoc|ARM.Build.0 = Release|ARM
		{AAAA7418-6184-4656-B548-2A1A2966915A}.Ad-Hoc|ARM.Deploy.0 = Release|ARM
		{AAAA7418-6184-4656-B548-2A1A2966915A}.Ad-Hoc|iPhone.ActiveCfg = Release|Any CPU
		{AAAA7418-6184-4656-B548-2A1A2966915A}.Ad-Hoc|iPhoneSimulator.ActiveCfg = Release|Any CPU
		{AAAA7418-6184-4656-B548-2A1A2966915A}.Ad-Hoc|Mixed Platforms.ActiveCfg = Release|x86
		{AAAA7418-6184-4656-B548-2A1A2966915A}.Ad-Hoc|Mixed Platforms.Build.0 = Release|x86
		{AAAA7418-6184-4656-B548-2A1A2966915A}.Ad-Hoc|Mixed Platforms.Deploy.0 = Release|x86
		{AAAA7418-6184-4656-B548-2A1A2966915A}.Ad-Hoc|x86.ActiveCfg = Release|x86
		{AAAA7418-6184-4656-B548-2A1A2966915A}.Ad-Hoc|x86.Build.0 = Release|x86
		{AAAA7418-6184-4656-B548-2A1A2966915A}.Ad-Hoc|x86.Deploy.0 = Release|x86
		{AAAA7418-6184-4656-B548-2A1A2966915A}.AppStore|Any CPU.ActiveCfg = Release|Any CPU
		{AAAA7418-6184-4656-B548-2A1A2966915A}.AppStore|Any CPU.Build.0 = Release|Any CPU
		{AAAA7418-6184-4656-B548-2A1A2966915A}.AppStore|Any CPU.Deploy.0 = Release|Any CPU
		{AAAA7418-6184-4656-B548-2A1A2966915A}.AppStore|ARM.ActiveCfg = Release|ARM
		{AAAA7418-6184-4656-B548-2A1A2966915A}.AppStore|ARM.Build.0 = Release|ARM
		{AAAA7418-6184-4656-B548-2A1A2966915A}.AppStore|ARM.Deploy.0 = Release|ARM
		{AAAA7418-6184-4656-B548-2A1A2966915A}.AppStore|iPhone.ActiveCfg = Release|Any CPU
		{AAAA7418-6184-4656-B548-2A1A2966915A}.AppStore|iPhoneSimulator.ActiveCfg = Release|Any CPU
		{AAAA7418-6184-4656-B548-2A1A2966915A}.AppStore|Mixed Platforms.ActiveCfg = Release|x86
		{AAAA7418-6184-4656-B548-2A1A2966915A}.AppStore|Mixed Platforms.Build.0 = Release|x86
		{AAAA7418-6184-4656-B548-2A1A2966915A}.AppStore|Mixed Platforms.Deploy.0 = Release|x86
		{AAAA7418-6184-4656-B548-2A1A2966915A}.AppStore|x86.ActiveCfg = Release|x86
		{AAAA7418-6184-4656-B548-2A1A2966915A}.AppStore|x86.Build.0 = Release|x86
		{AAAA7418-6184-4656-B548-2A1A2966915A}.AppStore|x86.Deploy.0 = Release|x86
		{AAAA7418-6184-4656-B548-2A1A2966915A}.Debug|Any CPU.ActiveCfg = Debug|Any CPU
		{AAAA7418-6184-4656-B548-2A1A2966915A}.Debug|Any CPU.Build.0 = Debug|Any CPU
		{AAAA7418-6184-4656-B548-2A1A2966915A}.Debug|Any CPU.Deploy.0 = Debug|Any CPU
		{AAAA7418-6184-4656-B548-2A1A2966915A}.Debug|ARM.ActiveCfg = Debug|ARM
		{AAAA7418-6184-4656-B548-2A1A2966915A}.Debug|ARM.Build.0 = Debug|ARM
		{AAAA7418-6184-4656-B548-2A1A2966915A}.Debug|ARM.Deploy.0 = Debug|ARM
		{AAAA7418-6184-4656-B548-2A1A2966915A}.Debug|iPhone.ActiveCfg = Debug|Any CPU
		{AAAA7418-6184-4656-B548-2A1A2966915A}.Debug|iPhoneSimulator.ActiveCfg = Debug|Any CPU
		{AAAA7418-6184-4656-B548-2A1A2966915A}.Debug|Mixed Platforms.ActiveCfg = Debug|x86
		{AAAA7418-6184-4656-B548-2A1A2966915A}.Debug|Mixed Platforms.Build.0 = Debug|x86
		{AAAA7418-6184-4656-B548-2A1A2966915A}.Debug|Mixed Platforms.Deploy.0 = Debug|x86
		{AAAA7418-6184-4656-B548-2A1A2966915A}.Debug|x86.ActiveCfg = Debug|x86
		{AAAA7418-6184-4656-B548-2A1A2966915A}.Debug|x86.Build.0 = Debug|x86
		{AAAA7418-6184-4656-B548-2A1A2966915A}.Debug|x86.Deploy.0 = Debug|x86
		{AAAA7418-6184-4656-B548-2A1A2966915A}.Release|Any CPU.ActiveCfg = Release|Any CPU
		{AAAA7418-6184-4656-B548-2A1A2966915A}.Release|Any CPU.Build.0 = Release|Any CPU
		{AAAA7418-6184-4656-B548-2A1A2966915A}.Release|Any CPU.Deploy.0 = Release|Any CPU
		{AAAA7418-6184-4656-B548-2A1A2966915A}.Release|ARM.ActiveCfg = Release|ARM
		{AAAA7418-6184-4656-B548-2A1A2966915A}.Release|ARM.Build.0 = Release|ARM
		{AAAA7418-6184-4656-B548-2A1A2966915A}.Release|ARM.Deploy.0 = Release|ARM
		{AAAA7418-6184-4656-B548-2A1A2966915A}.Release|iPhone.ActiveCfg = Release|Any CPU
		{AAAA7418-6184-4656-B548-2A1A2966915A}.Release|iPhoneSimulator.ActiveCfg = Release|Any CPU
		{AAAA7418-6184-4656-B548-2A1A2966915A}.Release|Mixed Platforms.ActiveCfg = Release|x86
		{AAAA7418-6184-4656-B548-2A1A2966915A}.Release|Mixed Platforms.Build.0 = Release|x86
		{AAAA7418-6184-4656-B548-2A1A2966915A}.Release|Mixed Platforms.Deploy.0 = Release|x86
		{AAAA7418-6184-4656-B548-2A1A2966915A}.Release|x86.ActiveCfg = Release|x86
		{AAAA7418-6184-4656-B548-2A1A2966915A}.Release|x86.Build.0 = Release|x86
		{AAAA7418-6184-4656-B548-2A1A2966915A}.Release|x86.Deploy.0 = Release|x86
		{6F799B3E-F6CC-4B8A-BB51-937451D8E850}.Ad-Hoc|Any CPU.ActiveCfg = Release|Any CPU
		{6F799B3E-F6CC-4B8A-BB51-937451D8E850}.Ad-Hoc|Any CPU.Build.0 = Release|Any CPU
		{6F799B3E-F6CC-4B8A-BB51-937451D8E850}.Ad-Hoc|ARM.ActiveCfg = Release|Any CPU
		{6F799B3E-F6CC-4B8A-BB51-937451D8E850}.Ad-Hoc|iPhone.ActiveCfg = Release|Any CPU
		{6F799B3E-F6CC-4B8A-BB51-937451D8E850}.Ad-Hoc|iPhoneSimulator.ActiveCfg = Release|Any CPU
		{6F799B3E-F6CC-4B8A-BB51-937451D8E850}.Ad-Hoc|Mixed Platforms.ActiveCfg = Release|Any CPU
		{6F799B3E-F6CC-4B8A-BB51-937451D8E850}.Ad-Hoc|Mixed Platforms.Build.0 = Release|Any CPU
		{6F799B3E-F6CC-4B8A-BB51-937451D8E850}.Ad-Hoc|x86.ActiveCfg = Release|Any CPU
		{6F799B3E-F6CC-4B8A-BB51-937451D8E850}.AppStore|Any CPU.ActiveCfg = Release|Any CPU
		{6F799B3E-F6CC-4B8A-BB51-937451D8E850}.AppStore|Any CPU.Build.0 = Release|Any CPU
		{6F799B3E-F6CC-4B8A-BB51-937451D8E850}.AppStore|ARM.ActiveCfg = Release|Any CPU
		{6F799B3E-F6CC-4B8A-BB51-937451D8E850}.AppStore|iPhone.ActiveCfg = Release|Any CPU
		{6F799B3E-F6CC-4B8A-BB51-937451D8E850}.AppStore|iPhoneSimulator.ActiveCfg = Release|Any CPU
		{6F799B3E-F6CC-4B8A-BB51-937451D8E850}.AppStore|Mixed Platforms.ActiveCfg = Release|Any CPU
		{6F799B3E-F6CC-4B8A-BB51-937451D8E850}.AppStore|Mixed Platforms.Build.0 = Release|Any CPU
		{6F799B3E-F6CC-4B8A-BB51-937451D8E850}.AppStore|x86.ActiveCfg = Release|Any CPU
		{6F799B3E-F6CC-4B8A-BB51-937451D8E850}.Debug|Any CPU.ActiveCfg = Debug|Any CPU
		{6F799B3E-F6CC-4B8A-BB51-937451D8E850}.Debug|Any CPU.Build.0 = Debug|Any CPU
		{6F799B3E-F6CC-4B8A-BB51-937451D8E850}.Debug|ARM.ActiveCfg = Debug|Any CPU
		{6F799B3E-F6CC-4B8A-BB51-937451D8E850}.Debug|iPhone.ActiveCfg = Debug|Any CPU
		{6F799B3E-F6CC-4B8A-BB51-937451D8E850}.Debug|iPhoneSimulator.ActiveCfg = Debug|Any CPU
		{6F799B3E-F6CC-4B8A-BB51-937451D8E850}.Debug|Mixed Platforms.ActiveCfg = Debug|Any CPU
		{6F799B3E-F6CC-4B8A-BB51-937451D8E850}.Debug|Mixed Platforms.Build.0 = Debug|Any CPU
		{6F799B3E-F6CC-4B8A-BB51-937451D8E850}.Debug|x86.ActiveCfg = Debug|Any CPU
		{6F799B3E-F6CC-4B8A-BB51-937451D8E850}.Release|Any CPU.ActiveCfg = Release|Any CPU
		{6F799B3E-F6CC-4B8A-BB51-937451D8E850}.Release|Any CPU.Build.0 = Release|Any CPU
		{6F799B3E-F6CC-4B8A-BB51-937451D8E850}.Release|ARM.ActiveCfg = Release|Any CPU
		{6F799B3E-F6CC-4B8A-BB51-937451D8E850}.Release|iPhone.ActiveCfg = Release|Any CPU
		{6F799B3E-F6CC-4B8A-BB51-937451D8E850}.Release|iPhoneSimulator.ActiveCfg = Release|Any CPU
		{6F799B3E-F6CC-4B8A-BB51-937451D8E850}.Release|Mixed Platforms.ActiveCfg = Release|Any CPU
		{6F799B3E-F6CC-4B8A-BB51-937451D8E850}.Release|Mixed Platforms.Build.0 = Release|Any CPU
		{6F799B3E-F6CC-4B8A-BB51-937451D8E850}.Release|x86.ActiveCfg = Release|Any CPU
		{AA114A74-2419-46AF-BF01-D002AFCBEFF2}.Ad-Hoc|Any CPU.ActiveCfg = Release|Any CPU
		{AA114A74-2419-46AF-BF01-D002AFCBEFF2}.Ad-Hoc|Any CPU.Build.0 = Release|Any CPU
		{AA114A74-2419-46AF-BF01-D002AFCBEFF2}.Ad-Hoc|ARM.ActiveCfg = Release|Any CPU
		{AA114A74-2419-46AF-BF01-D002AFCBEFF2}.Ad-Hoc|iPhone.ActiveCfg = Release|Any CPU
		{AA114A74-2419-46AF-BF01-D002AFCBEFF2}.Ad-Hoc|iPhoneSimulator.ActiveCfg = Release|Any CPU
		{AA114A74-2419-46AF-BF01-D002AFCBEFF2}.Ad-Hoc|Mixed Platforms.ActiveCfg = Release|Any CPU
		{AA114A74-2419-46AF-BF01-D002AFCBEFF2}.Ad-Hoc|Mixed Platforms.Build.0 = Release|Any CPU
		{AA114A74-2419-46AF-BF01-D002AFCBEFF2}.Ad-Hoc|x86.ActiveCfg = Release|Any CPU
		{AA114A74-2419-46AF-BF01-D002AFCBEFF2}.AppStore|Any CPU.ActiveCfg = Release|Any CPU
		{AA114A74-2419-46AF-BF01-D002AFCBEFF2}.AppStore|Any CPU.Build.0 = Release|Any CPU
		{AA114A74-2419-46AF-BF01-D002AFCBEFF2}.AppStore|ARM.ActiveCfg = Release|Any CPU
		{AA114A74-2419-46AF-BF01-D002AFCBEFF2}.AppStore|iPhone.ActiveCfg = Release|Any CPU
		{AA114A74-2419-46AF-BF01-D002AFCBEFF2}.AppStore|iPhoneSimulator.ActiveCfg = Release|Any CPU
		{AA114A74-2419-46AF-BF01-D002AFCBEFF2}.AppStore|Mixed Platforms.ActiveCfg = Release|Any CPU
		{AA114A74-2419-46AF-BF01-D002AFCBEFF2}.AppStore|Mixed Platforms.Build.0 = Release|Any CPU
		{AA114A74-2419-46AF-BF01-D002AFCBEFF2}.AppStore|x86.ActiveCfg = Release|Any CPU
		{AA114A74-2419-46AF-BF01-D002AFCBEFF2}.Debug|Any CPU.ActiveCfg = Debug|Any CPU
		{AA114A74-2419-46AF-BF01-D002AFCBEFF2}.Debug|Any CPU.Build.0 = Debug|Any CPU
		{AA114A74-2419-46AF-BF01-D002AFCBEFF2}.Debug|ARM.ActiveCfg = Debug|Any CPU
		{AA114A74-2419-46AF-BF01-D002AFCBEFF2}.Debug|iPhone.ActiveCfg = Debug|Any CPU
		{AA114A74-2419-46AF-BF01-D002AFCBEFF2}.Debug|iPhoneSimulator.ActiveCfg = Debug|Any CPU
		{AA114A74-2419-46AF-BF01-D002AFCBEFF2}.Debug|Mixed Platforms.ActiveCfg = Debug|Any CPU
		{AA114A74-2419-46AF-BF01-D002AFCBEFF2}.Debug|Mixed Platforms.Build.0 = Debug|Any CPU
		{AA114A74-2419-46AF-BF01-D002AFCBEFF2}.Debug|x86.ActiveCfg = Debug|Any CPU
		{AA114A74-2419-46AF-BF01-D002AFCBEFF2}.Release|Any CPU.ActiveCfg = Release|Any CPU
		{AA114A74-2419-46AF-BF01-D002AFCBEFF2}.Release|Any CPU.Build.0 = Release|Any CPU
		{AA114A74-2419-46AF-BF01-D002AFCBEFF2}.Release|ARM.ActiveCfg = Release|Any CPU
		{AA114A74-2419-46AF-BF01-D002AFCBEFF2}.Release|iPhone.ActiveCfg = Release|Any CPU
		{AA114A74-2419-46AF-BF01-D002AFCBEFF2}.Release|iPhoneSimulator.ActiveCfg = Release|Any CPU
		{AA114A74-2419-46AF-BF01-D002AFCBEFF2}.Release|Mixed Platforms.ActiveCfg = Release|Any CPU
		{AA114A74-2419-46AF-BF01-D002AFCBEFF2}.Release|Mixed Platforms.Build.0 = Release|Any CPU
		{AA114A74-2419-46AF-BF01-D002AFCBEFF2}.Release|x86.ActiveCfg = Release|Any CPU
	EndGlobalSection
	GlobalSection(SolutionProperties) = preSolution
		HideSolutionNode = FALSE
	EndGlobalSection
	GlobalSection(NestedProjects) = preSolution
		{164A00DC-E5CC-4784-9AFF-6653A512012C} = {A22643DD-DBEF-4AD9-8555-AA995FB46E04}
		{5D5DA973-FD56-48CE-9561-2D578F90CE72} = {164A00DC-E5CC-4784-9AFF-6653A512012C}
		{0EE1744F-2502-4F87-A8F5-E20D6592428A} = {164A00DC-E5CC-4784-9AFF-6653A512012C}
		{B2E3A91E-EE44-4DB0-8E98-44A8E5588C53} = {164A00DC-E5CC-4784-9AFF-6653A512012C}
		{95EB3F68-CEBB-439A-AB0C-24D5B25B4CD7} = {A22643DD-DBEF-4AD9-8555-AA995FB46E04}
		{B525688C-A28A-4C84-BE19-9FF8DBB36C10} = {4DCFBDA3-BBA8-4EA2-A3D9-49A24401EB75}
		{755BD499-6265-41ED-9368-ABAB2A96F884} = {4DCFBDA3-BBA8-4EA2-A3D9-49A24401EB75}
		{AAAA7418-6184-4656-B548-2A1A2966915A} = {4DCFBDA3-BBA8-4EA2-A3D9-49A24401EB75}
	EndGlobalSection
EndGlobal
